
Microsoft Visual Studio Solution File, Format Version 11.00
# Visual C# Express 2010
Project("{FAE04EC0-301F-11D3-BF4B-00C04F79EFBC}") = "Problem 14", "Problem 14\Problem 14.csproj", "{180A6D71-5CEE-4CC2-A3AB-45E6D78960CA}"
EndProject
Global
	GlobalSection(SolutionConfigurationPlatforms) = preSolution
		Debug|x86 = Debug|x86
		Release|x86 = Release|x86
	EndGlobalSection
	GlobalSection(ProjectConfigurationPlatforms) = postSolution
		{180A6D71-5CEE-4CC2-A3AB-45E6D78960CA}.Debug|x86.ActiveCfg = Debug|x86
		{180A6D71-5CEE-4CC2-A3AB-45E6D78960CA}.Debug|x86.Build.0 = Debug|x86
		{180A6D71-5CEE-4CC2-A3AB-45E6D78960CA}.Release|x86.ActiveCfg = Release|x86
		{180A6D71-5CEE-4CC2-A3AB-45E6D78960CA}.Release|x86.Build.0 = Release|x86
	EndGlobalSection
	GlobalSection(SolutionProperties) = preSolution
		HideSolutionNode = FALSE
	EndGlobalSection
EndGlobal
